
Microsoft Visual Studio Solution File, Format Version 11.00
# Visual Studio 2010
Project("{FAE04EC0-301F-11D3-BF4B-00C04F79EFBC}") = "Assembly-CSharp", "Assembly-CSharp.csproj", "{c718754a-7941-3a0b-517b-b792f11f6bc3}"
EndProject
Project("{FAE04EC0-301F-11D3-BF4B-00C04F79EFBC}") = "Assembly-CSharp-Editor", "Assembly-CSharp-Editor.csproj", "{4ae3e88f-ba91-6315-f125-d9ec421d4e7d}"
EndProject
Global
	GlobalSection(SolutionConfigurationPlatforms) = preSolution
		Debug|Any CPU = Debug|Any CPU
	EndGlobalSection
	GlobalSection(ProjectConfigurationPlatforms) = postSolution
		{c718754a-7941-3a0b-517b-b792f11f6bc3}.Debug|Any CPU.ActiveCfg = Debug|Any CPU
		{c718754a-7941-3a0b-517b-b792f11f6bc3}.Debug|Any CPU.Build.0 = Debug|Any CPU
		{4ae3e88f-ba91-6315-f125-d9ec421d4e7d}.Debug|Any CPU.ActiveCfg = Debug|Any CPU
		{4ae3e88f-ba91-6315-f125-d9ec421d4e7d}.Debug|Any CPU.Build.0 = Debug|Any CPU
	EndGlobalSection
	GlobalSection(SolutionProperties) = preSolution
		HideSolutionNode = FALSE
	EndGlobalSection
EndGlobal
